{
  "name": "miner",
  "version": "1.0.0",
  "lockfileVersion": 1,
  "requires": true,
  "dependencies": {
    "async-limiter": {
      "version": "1.0.1",
      "resolved": "https://registry.npmjs.org/async-limiter/-/async-limiter-1.0.1.tgz",
      "integrity": "sha512-csOlWGAcRFJaI6m+F2WKdnMKr4HhdhFVBk0H/QbJFMCr+uO2kwohwXQPxw/9OCxp05r5ghVBFSyioixx3gfkNQ=="
    },
    "axios": {
      "version": "0.21.1",
      "resolved": "https://registry.npmjs.org/axios/-/axios-0.21.1.tgz",
      "integrity": "sha512-dKQiRHxGD9PPRIUNIWvZhPTPpl1rf/OxTYKsqKUDjBwYylTvV7SjSHJb9ratfyzM6wCdLCOYLzs73qpg5c4iGA==",
      "requires": {
        "follow-redirects": "^1.10.0"
      }
    },
    "colors": {
      "version": "1.4.0",
      "resolved": "https://registry.npmjs.org/colors/-/colors-1.4.0.tgz",
      "integrity": "sha512-a+UqTh4kgZg/SlGvfbzDHpgRu7AAQOmmqRHJnxhRZICKFUT91brVhNNt58CMWU9PsBbv3PDCZUHbVxuDiH2mtA=="
    },
    "event_mixin": {
      "version": "github:hu2prod/event_mixin#c3d8bbecd41fbc645cddf51427b95cfc2307b6e1",
      "from": "github:hu2prod/event_mixin",
      "requires": {
        "fy": "github:hu2prod/fy"
      }
    },
    "follow-redirects": {
      "version": "1.14.0",
      "resolved": "https://registry.npmjs.org/follow-redirects/-/follow-redirects-1.14.0.tgz",
      "integrity": "sha512-0vRwd7RKQBTt+mgu87mtYeofLFZpTas2S9zY+jIeuLJMNvudIgF52nr19q40HOwH5RrhWIPuj9puybzSJiRrVg=="
    },
    "fy": {
      "version": "github:hu2prod/fy#ee14703399993b4dce0230999b1e14c9b8cfa3bc",
      "from": "github:hu2prod/fy",
      "requires": {
        "iced-coffee-script": "^108.0.11",
        "prettyjson": "github:hu2prod/prettyjson"
      }
    },
    "iced-coffee-script": {
      "version": "108.0.14",
      "resolved": "https://registry.npmjs.org/iced-coffee-script/-/iced-coffee-script-108.0.14.tgz",
      "integrity": "sha512-e0CNmz51UGWRa2glPnUMnJM7oKQE81cxeC0WAgCjJDRImv3FDHldZr/Ngkbrgdbf1drGGzYWp+PWeJwXIfHwDw==",
      "requires": {
        "iced-runtime": ">=0.0.1",
        "uglify-js": "^3.5.9"
      }
    },
    "iced-runtime": {
      "version": "1.0.4",
      "resolved": "https://registry.npmjs.org/iced-runtime/-/iced-runtime-1.0.4.tgz",
      "integrity": "sha512-rgiJXNF6ZgF2Clh/TKUlBDW3q51YPDJUXmxGQXx1b8tbZpVpTn+1RX9q1sjNkujXIIaVxZByQzPHHORg7KV51g=="
    },
    "minimist": {
      "version": "1.2.5",
      "resolved": "https://registry.npmjs.org/minimist/-/minimist-1.2.5.tgz",
      "integrity": "sha512-FM9nNUYrRBAELZQT3xeZQ7fmMOBg6nWNmJKTcgsJeaLstP/UODVpGsr5OhXhhXg6f+qtJ8uiZ+PUxkDWcgIXLw=="
    },
    "prettyjson": {
      "version": "github:hu2prod/prettyjson#c4b52923922b943d9c7ede2e34ef7ed85b3bef96",
      "from": "github:hu2prod/prettyjson",
      "requires": {
        "colors": "^1.1.2"
      }
    },
    "safe-buffer": {
      "version": "5.1.2",
      "resolved": "https://registry.npmjs.org/safe-buffer/-/safe-buffer-5.1.2.tgz",
      "integrity": "sha512-Gd2UZBJDkXlY7GbJxfsE8/nvKkUEU1G38c1siN6QP6a9PT9MmHB8GnpscSmMJSoF8LOIrt8ud/wPtojys4G6+g=="
    },
    "uglify-js": {
      "version": "3.13.5",
      "resolved": "https://registry.npmjs.org/uglify-js/-/uglify-js-3.13.5.tgz",
      "integrity": "sha512-xtB8yEqIkn7zmOyS2zUNBsYCBRhDkvlNxMMY2smuJ/qA8NCHeQvKCF3i9Z4k8FJH4+PJvZRtMrPynfZ75+CSZw=="
    },
    "ultron": {
      "version": "1.1.1",
      "resolved": "https://registry.npmjs.org/ultron/-/ultron-1.1.1.tgz",
      "integrity": "sha512-UIEXBNeYmKptWH6z8ZnqTeS8fV74zG0/eRU9VGkpzz+LIJNs8W/zM/L+7ctCkRrgbNnnR0xxw4bKOr0cW0N0Og=="
    },
    "ws": {
      "version": "7.4.5",
      "resolved": "https://registry.npmjs.org/ws/-/ws-7.4.5.tgz",
      "integrity": "sha512-xzyu3hFvomRfXKH8vOFMU3OguG6oOvhXMo3xsGy3xWExqaM2dxBbVxuD99O7m3ZUFMvvscsZDqxfgMaRr/Nr1g=="
    },
    "ws_mod_sub": {
      "version": "github:hu2prod/ws_mod_sub#63a8c38e0666e12ac01f1473f12f618049412379",
      "from": "github:hu2prod/ws_mod_sub",
      "requires": {
        "iced-coffee-script": "^108.0.14"
      }
    },
    "ws_wrap": {
      "version": "github:hu2prod/ws_wrap#e252509c5e17283663f4b80d16f2294ef6729801",
      "from": "github:hu2prod/ws_wrap",
      "requires": {
        "event_mixin": "github:hu2prod/event_mixin",
        "fy": "github:hu2prod/fy",
        "iced-coffee-script": "^108.0.14",
        "ws": "^3.1.0"
      },
      "dependencies": {
        "ws": {
          "version": "3.3.3",
          "resolved": "https://registry.npmjs.org/ws/-/ws-3.3.3.tgz",
          "integrity": "sha512-nnWLa/NwZSt4KQJu51MYlCcSQ5g7INpOrOMt4XV8j4dqTXdmlUmSHQ8/oLC069ckre0fRsgfvsKwbTdtKLCDkA==",
          "requires": {
            "async-limiter": "~1.0.0",
            "safe-buffer": "~5.1.0",
            "ultron": "~1.1.0"
          }
        }
      }
    },
    "wsrs": {
      "version": "github:hu2prod/wsrs#1935fde547e6582da50d1864ddadc1fabf6744bb",
      "from": "github:hu2prod/wsrs",
      "requires": {
        "iced-coffee-script": "^108.0.14"
      }
    }
  }
}
